// !$*UTF8*$!
{
	archiveVersion = 1;
	classes = {
	};
	objectVersion = 77;
	objects = {

/* Begin PBXBuildFile section */
		05D46B08F374DB6DC1CADCFD /* FretboardDrillViewModel.swift in Sources */ = {isa = PBXBuildFile; fileRef = A8DC868069F54A1C211B5CF2 /* FretboardDrillViewModel.swift */; };
		0B9732191897CDBACD0F7D82 /* FretboardDrill.swift in Sources */ = {isa = PBXBuildFile; fileRef = 5F968CB5F92ED06E5CD87B2D /* FretboardDrill.swift */; };
		0EFB8344EF620DA0F6A04B8C /* PlaceholderScreen.swift in Sources */ = {isa = PBXBuildFile; fileRef = 113FCB817117BFE3AD6D1BAE /* PlaceholderScreen.swift */; };
		14309DE40B4F7139B40161F0 /* AudioInputSelecting.swift in Sources */ = {isa = PBXBuildFile; fileRef = F0AE221E51467492D4A7D359 /* AudioInputSelecting.swift */; };
		189243017F04B3F99C75B59D /* ToolsView.swift in Sources */ = {isa = PBXBuildFile; fileRef = F4AFE5742BECD52865818D91 /* ToolsView.swift */; platformFilters = (macos, ); };
		18F069E49BD5C3AD423CE1DB /* MusicTheoryKit in Frameworks */ = {isa = PBXBuildFile; productRef = 511C66291DA61D1D55D8377E /* MusicTheoryKit */; };
		2028E5742F21E265D9F0E910 /* ScrollKit in Frameworks */ = {isa = PBXBuildFile; productRef = ED1AF43E9A923E60266B0A2C /* ScrollKit */; };
		22C5E09227EC9959F9B1721C /* PracticeView.swift in Sources */ = {isa = PBXBuildFile; fileRef = 0D153AE1A3FB4CDD79949620 /* PracticeView.swift */; platformFilters = (macos, ); };
		25013DB2FB3F430D31E3E553 /* DiagnosticsKit in Frameworks */ = {isa = PBXBuildFile; productRef = A9F21C8B3AF36183B2760A8F /* DiagnosticsKit */; };
		26D8D8C210AD857F90A3F5DE /* TunerPanel.swift in Sources */ = {isa = PBXBuildFile; fileRef = 5AA0D1C7F080AFA6812272FC /* TunerPanel.swift */; };
		301A7CEA087931D76BA96902 /* AppSectionTests.swift in Sources */ = {isa = PBXBuildFile; fileRef = 1E8D54AD92E8EB0EBEBCF8D7 /* AppSectionTests.swift */; };
		3471E7910C0C9CCFF868EAA2 /* TuningTests.swift in Sources */ = {isa = PBXBuildFile; fileRef = 7D35F43E71514F9C6BCCEAA9 /* TuningTests.swift */; };
		381FF00BEA650122561A8970 /* AppSection.swift in Sources */ = {isa = PBXBuildFile; fileRef = BB9ED9D1019D56C7784A3E6D /* AppSection.swift */; };
		38789E44E0A389C5636C7AF0 /* RootView.swift in Sources */ = {isa = PBXBuildFile; fileRef = 3B2FBBE7B4E8E1387C0259F9 /* RootView.swift */; platformFilters = (macos, ); };
		39BA0E1256B362BF606E3DB5 /* AudioHub.swift in Sources */ = {isa = PBXBuildFile; fileRef = EEC3E993CA19107109153952 /* AudioHub.swift */; };
		3A3C9DFC6E634A40B1132178 /* NoteNameGrid.swift in Sources */ = {isa = PBXBuildFile; fileRef = 3DD74DBA9EE78624EF3726A0 /* NoteNameGrid.swift */; };
		3CCBF81AC82BCA9935485EC0 /* PracticeView.swift in Sources */ = {isa = PBXBuildFile; fileRef = 424EF25A27F5E7FD39B13D5F /* PracticeView.swift */; platformFilters = (ios, ); };
		4F42DDB1193AA9B4EC839A64 /* GuitarToneSynth.swift in Sources */ = {isa = PBXBuildFile; fileRef = 3CD62E79C5B792193ED0492B /* GuitarToneSynth.swift */; };
		4F99BAC63145F5BC8DFCBBB9 /* FretPosition.swift in Sources */ = {isa = PBXBuildFile; fileRef = 1AF7673A494A1426E3CC538B /* FretPosition.swift */; };
		55661B818261EBD97B726D9D /* Assets.xcassets in Resources */ = {isa = PBXBuildFile; fileRef = 1C50EAEF6ED74AE3C1BA010A /* Assets.xcassets */; };
		5E38C1DD951CEEF689F45F7C /* CloudSettings.swift in Sources */ = {isa = PBXBuildFile; fileRef = 7DD2B9CA7A2B0F562499742C /* CloudSettings.swift */; };
		5ED9CD5EC4E0B616820CC056 /* CardMerge.swift in Sources */ = {isa = PBXBuildFile; fileRef = 68F27ED64B32F841486F6D88 /* CardMerge.swift */; };
		5F5A4DACBE9512A7A8FC76FA /* MasteryMap.swift in Sources */ = {isa = PBXBuildFile; fileRef = 7625E41BD853814A402AE52A /* MasteryMap.swift */; };
		624414D73EE91F5C24396508 /* ToolsView.swift in Sources */ = {isa = PBXBuildFile; fileRef = 4938400A7419DD173D8086D6 /* ToolsView.swift */; platformFilters = (ios, ); };
		6D681A50DE8FB3108D82220C /* GuitarApp.swift in Sources */ = {isa = PBXBuildFile; fileRef = 2E9FFDC02E1ECE9569DA16FA /* GuitarApp.swift */; };
		6E9E9270E3B7A003FB4AF901 /* TrainerHomePanel.swift in Sources */ = {isa = PBXBuildFile; fileRef = 5476CBB19C0DB8379150F716 /* TrainerHomePanel.swift */; };
		70E99BFB404732F98639053A /* FretboardView.swift in Sources */ = {isa = PBXBuildFile; fileRef = 1D5F79FFDB7F7F4771C848D1 /* FretboardView.swift */; };
		7E79850E7E222864D0EF5792 /* SwCharts in Frameworks */ = {isa = PBXBuildFile; productRef = 4171D3AB69B417D321ABB195 /* SwCharts */; };
		80CBAC2345071DEF4D021DF3 /* Tuning.swift in Sources */ = {isa = PBXBuildFile; fileRef = 621912ECF8D48B25B98788F0 /* Tuning.swift */; };
		82F890261917C6251E5BF726 /* Fretboard.swift in Sources */ = {isa = PBXBuildFile; fileRef = 6BA0E73674A7B74F8DF1240C /* Fretboard.swift */; };
		8546DB96D44358C5912DEC6B /* FretboardLayoutTests.swift in Sources */ = {isa = PBXBuildFile; fileRef = 5B5B87566B8849BF190DB397 /* FretboardLayoutTests.swift */; };
		90F7BB0474084E3DEED3CAD5 /* TunerView.swift in Sources */ = {isa = PBXBuildFile; fileRef = 4A0BE7DC3D98EE16D81509B2 /* TunerView.swift */; platformFilters = (ios, ); };
		91690FC270FA0EC84157A26D /* AudioInputSelecting+iOS.swift in Sources */ = {isa = PBXBuildFile; fileRef = 6DEF7BD301BFA7D69B7A3993 /* AudioInputSelecting+iOS.swift */; platformFilters = (ios, ); };
		9AB393A8E5F4C2D1BD54F38E /* TunerViewModel.swift in Sources */ = {isa = PBXBuildFile; fileRef = 9CAAE23613B69E71D8B18167 /* TunerViewModel.swift */; };
		9D4DEB9BAF4E09F2D4E0DB8E /* InputProfile.swift in Sources */ = {isa = PBXBuildFile; fileRef = EE2FF0FD129F13FD54310597 /* InputProfile.swift */; };
		AADCBE903641D30D87C30296 /* CardStore.swift in Sources */ = {isa = PBXBuildFile; fileRef = 7022D2A0FE588E7342768063 /* CardStore.swift */; };
		ABACD34D09B174283F6F9D19 /* AutoGrade.swift in Sources */ = {isa = PBXBuildFile; fileRef = 05DF177F4B897C15A7CB9A9A /* AutoGrade.swift */; };
		B08D838F1E5634D5F7B87A8B /* PitchKit in Frameworks */ = {isa = PBXBuildFile; productRef = 6EA11B9730F379D25E608ECF /* PitchKit */; };
		B4E60154E770F4B925377F4D /* AudioInputSelecting+macOS.swift in Sources */ = {isa = PBXBuildFile; fileRef = E364007389586A5F62AE3918 /* AudioInputSelecting+macOS.swift */; platformFilters = (macos, ); };
		B5D37AFC1A1A8F53F212675B /* FretboardTests.swift in Sources */ = {isa = PBXBuildFile; fileRef = 2BCACA5F3B4EE3FD51BF9A09 /* FretboardTests.swift */; };
		BB300A39A1DF22B8FBF43FD0 /* RootView.swift in Sources */ = {isa = PBXBuildFile; fileRef = B8BFAE6AE3960DC0A6D7D6B2 /* RootView.swift */; platformFilters = (ios, ); };
		C16DE7CC55B7E5991A5B5199 /* FretboardLayout.swift in Sources */ = {isa = PBXBuildFile; fileRef = 7F02C7AD9EF77E68E053846D /* FretboardLayout.swift */; };
		C3EE0C934C7E12B1CB3FCD6A /* TunerScene.swift in Sources */ = {isa = PBXBuildFile; fileRef = 5BFBACCE22F854D801E7027E /* TunerScene.swift */; platformFilters = (ios, ); };
		D69E259049131FF1A2237E81 /* SkillCard.swift in Sources */ = {isa = PBXBuildFile; fileRef = 39516F25BAD84983D5DA4F66 /* SkillCard.swift */; };
		DD695E16CC79BEFAACCA55F2 /* TunerModel.swift in Sources */ = {isa = PBXBuildFile; fileRef = 2619A7B052D342E9F9CEE495 /* TunerModel.swift */; };
		DE42746683E877068C3C7BD3 /* TunerTests.swift in Sources */ = {isa = PBXBuildFile; fileRef = E834934CE6CF1F3B56D976BC /* TunerTests.swift */; };
		E67F36116E6C8692CC40D015 /* TunerView.swift in Sources */ = {isa = PBXBuildFile; fileRef = F20BF819270185A8A2BF1C4E /* TunerView.swift */; platformFilters = (macos, ); };
		E7AF147FAC37F30BE5DAEEDD /* TunerScene.swift in Sources */ = {isa = PBXBuildFile; fileRef = 348A300D2A71DEBA7F196556 /* TunerScene.swift */; platformFilters = (macos, ); };
		EFB40274102A543DEA8AC3A6 /* DrillPanel.swift in Sources */ = {isa = PBXBuildFile; fileRef = 82A734ADB953922D3D5A33A3 /* DrillPanel.swift */; };
		F68BE6EEF99D92C1F27A3E65 /* PitchNeedle.swift in Sources */ = {isa = PBXBuildFile; fileRef = 5B8EDC43904980B2F887CCC4 /* PitchNeedle.swift */; };
		FB1F1A2166D95E3BEB793985 /* SettingsKey.swift in Sources */ = {isa = PBXBuildFile; fileRef = AB2193A08DDEB9486382ACEE /* SettingsKey.swift */; };
		FB8D3619CBD480156F5298DD /* PracticeTests.swift in Sources */ = {isa = PBXBuildFile; fileRef = C49F6DC586D3111C2BF17D7D /* PracticeTests.swift */; };
/* End PBXBuildFile section */

/* Begin PBXContainerItemProxy section */
		BC31B1A6F23FEB764B8CD1D4 /* PBXContainerItemProxy */ = {
			isa = PBXContainerItemProxy;
			containerPortal = BBA8F90BDE9C1DCD0A8C9D01 /* Project object */;
			proxyType = 1;
			remoteGlobalIDString = C681F9FB2DC6AE31F3F8E3CF;
			remoteInfo = guitar;
		};
/* End PBXContainerItemProxy section */

/* Begin PBXFileReference section */
		05DF177F4B897C15A7CB9A9A /* AutoGrade.swift */ = {isa = PBXFileReference; lastKnownFileType = sourcecode.swift; path = AutoGrade.swift; sourceTree = "<group>"; };
		0D153AE1A3FB4CDD79949620 /* PracticeView.swift */ = {isa = PBXFileReference; lastKnownFileType = sourcecode.swift; path = PracticeView.swift; sourceTree = "<group>"; };
		113FCB817117BFE3AD6D1BAE /* PlaceholderScreen.swift */ = {isa = PBXFileReference; lastKnownFileType = sourcecode.swift; path = PlaceholderScreen.swift; sourceTree = "<group>"; };
		1AF7673A494A1426E3CC538B /* FretPosition.swift */ = {isa = PBXFileReference; lastKnownFileType = sourcecode.swift; path = FretPosition.swift; sourceTree = "<group>"; };
		1C50EAEF6ED74AE3C1BA010A /* Assets.xcassets */ = {isa = PBXFileReference; lastKnownFileType = folder.assetcatalog; path = Assets.xcassets; sourceTree = "<group>"; };
		1D5F79FFDB7F7F4771C848D1 /* FretboardView.swift */ = {isa = PBXFileReference; lastKnownFileType = sourcecode.swift; path = FretboardView.swift; sourceTree = "<group>"; };
		1E8D54AD92E8EB0EBEBCF8D7 /* AppSectionTests.swift */ = {isa = PBXFileReference; lastKnownFileType = sourcecode.swift; path = AppSectionTests.swift; sourceTree = "<group>"; };
		2619A7B052D342E9F9CEE495 /* TunerModel.swift */ = {isa = PBXFileReference; lastKnownFileType = sourcecode.swift; path = TunerModel.swift; sourceTree = "<group>"; };
		2BCACA5F3B4EE3FD51BF9A09 /* FretboardTests.swift */ = {isa = PBXFileReference; lastKnownFileType = sourcecode.swift; path = FretboardTests.swift; sourceTree = "<group>"; };
		2E9FFDC02E1ECE9569DA16FA /* GuitarApp.swift */ = {isa = PBXFileReference; lastKnownFileType = sourcecode.swift; path = GuitarApp.swift; sourceTree = "<group>"; };
		348A300D2A71DEBA7F196556 /* TunerScene.swift */ = {isa = PBXFileReference; lastKnownFileType = sourcecode.swift; path = TunerScene.swift; sourceTree = "<group>"; };
		39516F25BAD84983D5DA4F66 /* SkillCard.swift */ = {isa = PBXFileReference; lastKnownFileType = sourcecode.swift; path = SkillCard.swift; sourceTree = "<group>"; };
		3B2FBBE7B4E8E1387C0259F9 /* RootView.swift */ = {isa = PBXFileReference; lastKnownFileType = sourcecode.swift; path = RootView.swift; sourceTree = "<group>"; };
		3C78BC57BCB8D355F331D2E7 /* guitar.app */ = {isa = PBXFileReference; includeInIndex = 0; lastKnownFileType = wrapper.application; path = guitar.app; sourceTree = BUILT_PRODUCTS_DIR; };
		3CD62E79C5B792193ED0492B /* GuitarToneSynth.swift */ = {isa = PBXFileReference; lastKnownFileType = sourcecode.swift; path = GuitarToneSynth.swift; sourceTree = "<group>"; };
		3DD74DBA9EE78624EF3726A0 /* NoteNameGrid.swift */ = {isa = PBXFileReference; lastKnownFileType = sourcecode.swift; path = NoteNameGrid.swift; sourceTree = "<group>"; };
		424EF25A27F5E7FD39B13D5F /* PracticeView.swift */ = {isa = PBXFileReference; lastKnownFileType = sourcecode.swift; path = PracticeView.swift; sourceTree = "<group>"; };
		4938400A7419DD173D8086D6 /* ToolsView.swift */ = {isa = PBXFileReference; lastKnownFileType = sourcecode.swift; path = ToolsView.swift; sourceTree = "<group>"; };
		4A0BE7DC3D98EE16D81509B2 /* TunerView.swift */ = {isa = PBXFileReference; lastKnownFileType = sourcecode.swift; path = TunerView.swift; sourceTree = "<group>"; };
		5476CBB19C0DB8379150F716 /* TrainerHomePanel.swift */ = {isa = PBXFileReference; lastKnownFileType = sourcecode.swift; path = TrainerHomePanel.swift; sourceTree = "<group>"; };
		5AA0D1C7F080AFA6812272FC /* TunerPanel.swift */ = {isa = PBXFileReference; lastKnownFileType = sourcecode.swift; path = TunerPanel.swift; sourceTree = "<group>"; };
		5B5B87566B8849BF190DB397 /* FretboardLayoutTests.swift */ = {isa = PBXFileReference; lastKnownFileType = sourcecode.swift; path = FretboardLayoutTests.swift; sourceTree = "<group>"; };
		5B8EDC43904980B2F887CCC4 /* PitchNeedle.swift */ = {isa = PBXFileReference; lastKnownFileType = sourcecode.swift; path = PitchNeedle.swift; sourceTree = "<group>"; };
		5BFBACCE22F854D801E7027E /* TunerScene.swift */ = {isa = PBXFileReference; lastKnownFileType = sourcecode.swift; path = TunerScene.swift; sourceTree = "<group>"; };
		5F968CB5F92ED06E5CD87B2D /* FretboardDrill.swift */ = {isa = PBXFileReference; lastKnownFileType = sourcecode.swift; path = FretboardDrill.swift; sourceTree = "<group>"; };
		621912ECF8D48B25B98788F0 /* Tuning.swift */ = {isa = PBXFileReference; lastKnownFileType = sourcecode.swift; path = Tuning.swift; sourceTree = "<group>"; };
		68F27ED64B32F841486F6D88 /* CardMerge.swift */ = {isa = PBXFileReference; lastKnownFileType = sourcecode.swift; path = CardMerge.swift; sourceTree = "<group>"; };
		6BA0E73674A7B74F8DF1240C /* Fretboard.swift */ = {isa = PBXFileReference; lastKnownFileType = sourcecode.swift; path = Fretboard.swift; sourceTree = "<group>"; };
		6DEF7BD301BFA7D69B7A3993 /* AudioInputSelecting+iOS.swift */ = {isa = PBXFileReference; lastKnownFileType = sourcecode.swift; path = "AudioInputSelecting+iOS.swift"; sourceTree = "<group>"; };
		7022D2A0FE588E7342768063 /* CardStore.swift */ = {isa = PBXFileReference; lastKnownFileType = sourcecode.swift; path = CardStore.swift; sourceTree = "<group>"; };
		7625E41BD853814A402AE52A /* MasteryMap.swift */ = {isa = PBXFileReference; lastKnownFileType = sourcecode.swift; path = MasteryMap.swift; sourceTree = "<group>"; };
		7D35F43E71514F9C6BCCEAA9 /* TuningTests.swift */ = {isa = PBXFileReference; lastKnownFileType = sourcecode.swift; path = TuningTests.swift; sourceTree = "<group>"; };
		7DD2B9CA7A2B0F562499742C /* CloudSettings.swift */ = {isa = PBXFileReference; lastKnownFileType = sourcecode.swift; path = CloudSettings.swift; sourceTree = "<group>"; };
		7F02C7AD9EF77E68E053846D /* FretboardLayout.swift */ = {isa = PBXFileReference; lastKnownFileType = sourcecode.swift; path = FretboardLayout.swift; sourceTree = "<group>"; };
		82A734ADB953922D3D5A33A3 /* DrillPanel.swift */ = {isa = PBXFileReference; lastKnownFileType = sourcecode.swift; path = DrillPanel.swift; sourceTree = "<group>"; };
		9CAAE23613B69E71D8B18167 /* TunerViewModel.swift */ = {isa = PBXFileReference; lastKnownFileType = sourcecode.swift; path = TunerViewModel.swift; sourceTree = "<group>"; };
		A8DC868069F54A1C211B5CF2 /* FretboardDrillViewModel.swift */ = {isa = PBXFileReference; lastKnownFileType = sourcecode.swift; path = FretboardDrillViewModel.swift; sourceTree = "<group>"; };
		AB2193A08DDEB9486382ACEE /* SettingsKey.swift */ = {isa = PBXFileReference; lastKnownFileType = sourcecode.swift; path = SettingsKey.swift; sourceTree = "<group>"; };
		B8BFAE6AE3960DC0A6D7D6B2 /* RootView.swift */ = {isa = PBXFileReference; lastKnownFileType = sourcecode.swift; path = RootView.swift; sourceTree = "<group>"; };
		BB9ED9D1019D56C7784A3E6D /* AppSection.swift */ = {isa = PBXFileReference; lastKnownFileType = sourcecode.swift; path = AppSection.swift; sourceTree = "<group>"; };
		C49F6DC586D3111C2BF17D7D /* PracticeTests.swift */ = {isa = PBXFileReference; lastKnownFileType = sourcecode.swift; path = PracticeTests.swift; sourceTree = "<group>"; };
		E364007389586A5F62AE3918 /* AudioInputSelecting+macOS.swift */ = {isa = PBXFileReference; lastKnownFileType = sourcecode.swift; path = "AudioInputSelecting+macOS.swift"; sourceTree = "<group>"; };
		E834934CE6CF1F3B56D976BC /* TunerTests.swift */ = {isa = PBXFileReference; lastKnownFileType = sourcecode.swift; path = TunerTests.swift; sourceTree = "<group>"; };
		E94CC700419D6B8F515F149F /* guitarTests.xctest */ = {isa = PBXFileReference; includeInIndex = 0; lastKnownFileType = wrapper.cfbundle; path = guitarTests.xctest; sourceTree = BUILT_PRODUCTS_DIR; };
		EE2FF0FD129F13FD54310597 /* InputProfile.swift */ = {isa = PBXFileReference; lastKnownFileType = sourcecode.swift; path = InputProfile.swift; sourceTree = "<group>"; };
		EEC3E993CA19107109153952 /* AudioHub.swift */ = {isa = PBXFileReference; lastKnownFileType = sourcecode.swift; path = AudioHub.swift; sourceTree = "<group>"; };
		F0AE221E51467492D4A7D359 /* AudioInputSelecting.swift */ = {isa = PBXFileReference; lastKnownFileType = sourcecode.swift; path = AudioInputSelecting.swift; sourceTree = "<group>"; };
		F20BF819270185A8A2BF1C4E /* TunerView.swift */ = {isa = PBXFileReference; lastKnownFileType = sourcecode.swift; path = TunerView.swift; sourceTree = "<group>"; };
		F4AFE5742BECD52865818D91 /* ToolsView.swift */ = {isa = PBXFileReference; lastKnownFileType = sourcecode.swift; path = ToolsView.swift; sourceTree = "<group>"; };
/* End PBXFileReference section */

/* Begin PBXFrameworksBuildPhase section */
		0E65F6A77E428A0EBE9BBE7B /* Frameworks */ = {
			isa = PBXFrameworksBuildPhase;
			buildActionMask = 2147483647;
			files = (
				25013DB2FB3F430D31E3E553 /* DiagnosticsKit in Frameworks */,
				2028E5742F21E265D9F0E910 /* ScrollKit in Frameworks */,
				7E79850E7E222864D0EF5792 /* SwCharts in Frameworks */,
				18F069E49BD5C3AD423CE1DB /* MusicTheoryKit in Frameworks */,
				B08D838F1E5634D5F7B87A8B /* PitchKit in Frameworks */,
			);
			runOnlyForDeploymentPostprocessing = 0;
		};
/* End PBXFrameworksBuildPhase section */

/* Begin PBXGroup section */
		09901AAE6D09AC9CE5079CC1 /* Engine */ = {
			isa = PBXGroup;
			children = (
				7F838A3F103C7B616A9D916C /* Audio */,
				34E1ABC1CE0DCFE46C8716A3 /* Fretboard */,
				3E0438BD90E7471D9D93004F /* Practice */,
			);
			path = Engine;
			sourceTree = "<group>";
		};
		0FC294A8BBE434F306E51E91 /* Resources */ = {
			isa = PBXGroup;
			children = (
				1C50EAEF6ED74AE3C1BA010A /* Assets.xcassets */,
			);
			path = Resources;
			sourceTree = "<group>";
		};
		1087D3F0AD89470CC99E2465 = {
			isa = PBXGroup;
			children = (
				0FC294A8BBE434F306E51E91 /* Resources */,
				57E32AB167AB941D2F7648A5 /* Sources */,
				D7E9512799EF69E5A559A0E0 /* Tests */,
				B08FE6BBBFF40A23C227355C /* Products */,
			);
			sourceTree = "<group>";
		};
		15CE9F9B75AE266D301ABBCB /* App */ = {
			isa = PBXGroup;
			children = (
				BB9ED9D1019D56C7784A3E6D /* AppSection.swift */,
				2E9FFDC02E1ECE9569DA16FA /* GuitarApp.swift */,
				AB2193A08DDEB9486382ACEE /* SettingsKey.swift */,
			);
			path = App;
			sourceTree = "<group>";
		};
		1679D5A8F97014013641F7DC /* Views */ = {
			isa = PBXGroup;
			children = (
				984D05F78652017BFCC4EA9F /* Practice */,
				BCDA67E35A0E145815FA0CDD /* Tools */,
				408C99CD6B4018A1A94AA488 /* Tuner */,
			);
			path = Views;
			sourceTree = "<group>";
		};
		23364F85D71A8195DC24105C /* PlatformAdapters */ = {
			isa = PBXGroup;
			children = (
				6DEF7BD301BFA7D69B7A3993 /* AudioInputSelecting+iOS.swift */,
			);
			path = PlatformAdapters;
			sourceTree = "<group>";
		};
		23E37A34A88C65DC87C6D3AD /* App */ = {
			isa = PBXGroup;
			children = (
				B8BFAE6AE3960DC0A6D7D6B2 /* RootView.swift */,
				5BFBACCE22F854D801E7027E /* TunerScene.swift */,
			);
			path = App;
			sourceTree = "<group>";
		};
		26EFB0EBDECEA5832E967B54 /* App */ = {
			isa = PBXGroup;
			children = (
				3B2FBBE7B4E8E1387C0259F9 /* RootView.swift */,
				348A300D2A71DEBA7F196556 /* TunerScene.swift */,
			);
			path = App;
			sourceTree = "<group>";
		};
		2AD555295B448E05202A7554 /* PlatformAdapters */ = {
			isa = PBXGroup;
			children = (
				F0AE221E51467492D4A7D359 /* AudioInputSelecting.swift */,
			);
			path = PlatformAdapters;
			sourceTree = "<group>";
		};
		34E1ABC1CE0DCFE46C8716A3 /* Fretboard */ = {
			isa = PBXGroup;
			children = (
				6BA0E73674A7B74F8DF1240C /* Fretboard.swift */,
				7F02C7AD9EF77E68E053846D /* FretboardLayout.swift */,
				1AF7673A494A1426E3CC538B /* FretPosition.swift */,
				621912ECF8D48B25B98788F0 /* Tuning.swift */,
			);
			path = Fretboard;
			sourceTree = "<group>";
		};
		38A8DEEEA68DBCC0D06D85DB /* Models */ = {
			isa = PBXGroup;
			children = (
				39516F25BAD84983D5DA4F66 /* SkillCard.swift */,
			);
			path = Models;
			sourceTree = "<group>";
		};
		3E0438BD90E7471D9D93004F /* Practice */ = {
			isa = PBXGroup;
			children = (
				05DF177F4B897C15A7CB9A9A /* AutoGrade.swift */,
				68F27ED64B32F841486F6D88 /* CardMerge.swift */,
				5F968CB5F92ED06E5CD87B2D /* FretboardDrill.swift */,
				7625E41BD853814A402AE52A /* MasteryMap.swift */,
			);
			path = Practice;
			sourceTree = "<group>";
		};
		408C99CD6B4018A1A94AA488 /* Tuner */ = {
			isa = PBXGroup;
			children = (
				F20BF819270185A8A2BF1C4E /* TunerView.swift */,
			);
			path = Tuner;
			sourceTree = "<group>";
		};
		412173A7DD91C07BA26107F6 /* PlatformAdapters */ = {
			isa = PBXGroup;
			children = (
				E364007389586A5F62AE3918 /* AudioInputSelecting+macOS.swift */,
			);
			path = PlatformAdapters;
			sourceTree = "<group>";
		};
		4960525F8C31F5999F33F9F5 /* Views */ = {
			isa = PBXGroup;
			children = (
				99A87543307C226D64DBCA0E /* Components */,
			);
			path = Views;
			sourceTree = "<group>";
		};
		57E32AB167AB941D2F7648A5 /* Sources */ = {
			isa = PBXGroup;
			children = (
				D4F262BF132B69DF15231351 /* iOS */,
				CABED0DA0542831ECFD3165F /* macOS */,
				C0844A250B1B1DE8C65A186F /* Shared */,
			);
			path = Sources;
			sourceTree = "<group>";
		};
		6343ACAD98332AECCB1F8195 /* ViewModels */ = {
			isa = PBXGroup;
			children = (
				A8DC868069F54A1C211B5CF2 /* FretboardDrillViewModel.swift */,
				9CAAE23613B69E71D8B18167 /* TunerViewModel.swift */,
			);
			path = ViewModels;
			sourceTree = "<group>";
		};
		73CEC2D36050F1DB306F9920 /* Practice */ = {
			isa = PBXGroup;
			children = (
				424EF25A27F5E7FD39B13D5F /* PracticeView.swift */,
			);
			path = Practice;
			sourceTree = "<group>";
		};
		7F838A3F103C7B616A9D916C /* Audio */ = {
			isa = PBXGroup;
			children = (
				EE2FF0FD129F13FD54310597 /* InputProfile.swift */,
				2619A7B052D342E9F9CEE495 /* TunerModel.swift */,
			);
			path = Audio;
			sourceTree = "<group>";
		};
		8DA7CC3F41D1877CF95656D4 /* Services */ = {
			isa = PBXGroup;
			children = (
				EEC3E993CA19107109153952 /* AudioHub.swift */,
				7022D2A0FE588E7342768063 /* CardStore.swift */,
				7DD2B9CA7A2B0F562499742C /* CloudSettings.swift */,
			);
			path = Services;
			sourceTree = "<group>";
		};
		8F7D5F4FE1AA71840DA864F7 /* guitarTests */ = {
			isa = PBXGroup;
			children = (
				1E8D54AD92E8EB0EBEBCF8D7 /* AppSectionTests.swift */,
				5B5B87566B8849BF190DB397 /* FretboardLayoutTests.swift */,
				2BCACA5F3B4EE3FD51BF9A09 /* FretboardTests.swift */,
				3CD62E79C5B792193ED0492B /* GuitarToneSynth.swift */,
				C49F6DC586D3111C2BF17D7D /* PracticeTests.swift */,
				E834934CE6CF1F3B56D976BC /* TunerTests.swift */,
				7D35F43E71514F9C6BCCEAA9 /* TuningTests.swift */,
			);
			path = guitarTests;
			sourceTree = "<group>";
		};
		984D05F78652017BFCC4EA9F /* Practice */ = {
			isa = PBXGroup;
			children = (
				0D153AE1A3FB4CDD79949620 /* PracticeView.swift */,
			);
			path = Practice;
			sourceTree = "<group>";
		};
		99A87543307C226D64DBCA0E /* Components */ = {
			isa = PBXGroup;
			children = (
				82A734ADB953922D3D5A33A3 /* DrillPanel.swift */,
				1D5F79FFDB7F7F4771C848D1 /* FretboardView.swift */,
				3DD74DBA9EE78624EF3726A0 /* NoteNameGrid.swift */,
				5B8EDC43904980B2F887CCC4 /* PitchNeedle.swift */,
				113FCB817117BFE3AD6D1BAE /* PlaceholderScreen.swift */,
				5476CBB19C0DB8379150F716 /* TrainerHomePanel.swift */,
				5AA0D1C7F080AFA6812272FC /* TunerPanel.swift */,
			);
			path = Components;
			sourceTree = "<group>";
		};
		AF2542B73AE83761D873A0A5 /* Views */ = {
			isa = PBXGroup;
			children = (
				73CEC2D36050F1DB306F9920 /* Practice */,
				FBC22E8BBA2B579D4F91462D /* Tools */,
				D39DB0183D47722AD2EB8D58 /* Tuner */,
			);
			path = Views;
			sourceTree = "<group>";
		};
		B08FE6BBBFF40A23C227355C /* Products */ = {
			isa = PBXGroup;
			children = (
				3C78BC57BCB8D355F331D2E7 /* guitar.app */,
				E94CC700419D6B8F515F149F /* guitarTests.xctest */,
			);
			name = Products;
			sourceTree = "<group>";
		};
		BCDA67E35A0E145815FA0CDD /* Tools */ = {
			isa = PBXGroup;
			children = (
				F4AFE5742BECD52865818D91 /* ToolsView.swift */,
			);
			path = Tools;
			sourceTree = "<group>";
		};
		C0844A250B1B1DE8C65A186F /* Shared */ = {
			isa = PBXGroup;
			children = (
				15CE9F9B75AE266D301ABBCB /* App */,
				09901AAE6D09AC9CE5079CC1 /* Engine */,
				38A8DEEEA68DBCC0D06D85DB /* Models */,
				2AD555295B448E05202A7554 /* PlatformAdapters */,
				8DA7CC3F41D1877CF95656D4 /* Services */,
				6343ACAD98332AECCB1F8195 /* ViewModels */,
				4960525F8C31F5999F33F9F5 /* Views */,
			);
			path = Shared;
			sourceTree = "<group>";
		};
		CABED0DA0542831ECFD3165F /* macOS */ = {
			isa = PBXGroup;
			children = (
				26EFB0EBDECEA5832E967B54 /* App */,
				412173A7DD91C07BA26107F6 /* PlatformAdapters */,
				1679D5A8F97014013641F7DC /* Views */,
			);
			path = macOS;
			sourceTree = "<group>";
		};
		D39DB0183D47722AD2EB8D58 /* Tuner */ = {
			isa = PBXGroup;
			children = (
				4A0BE7DC3D98EE16D81509B2 /* TunerView.swift */,
			);
			path = Tuner;
			sourceTree = "<group>";
		};
		D4F262BF132B69DF15231351 /* iOS */ = {
			isa = PBXGroup;
			children = (
				23E37A34A88C65DC87C6D3AD /* App */,
				23364F85D71A8195DC24105C /* PlatformAdapters */,
				AF2542B73AE83761D873A0A5 /* Views */,
			);
			path = iOS;
			sourceTree = "<group>";
		};
		D7E9512799EF69E5A559A0E0 /* Tests */ = {
			isa = PBXGroup;
			children = (
				8F7D5F4FE1AA71840DA864F7 /* guitarTests */,
			);
			path = Tests;
			sourceTree = "<group>";
		};
		FBC22E8BBA2B579D4F91462D /* Tools */ = {
			isa = PBXGroup;
			children = (
				4938400A7419DD173D8086D6 /* ToolsView.swift */,
			);
			path = Tools;
			sourceTree = "<group>";
		};
/* End PBXGroup section */

/* Begin PBXNativeTarget section */
		2BD40DD098347FC915023EE6 /* guitarTests */ = {
			isa = PBXNativeTarget;
			buildConfigurationList = BB0EBE99015C8D245450171A /* Build configuration list for PBXNativeTarget "guitarTests" */;
			buildPhases = (
				1048519A46711C4A8245EA2C /* Sources */,
			);
			buildRules = (
			);
			dependencies = (
				BF1125893D98D860DEB4AC9D /* PBXTargetDependency */,
			);
			name = guitarTests;
			packageProductDependencies = (
			);
			productName = guitarTests;
			productReference = E94CC700419D6B8F515F149F /* guitarTests.xctest */;
			productType = "com.apple.product-type.bundle.unit-test";
		};
		C681F9FB2DC6AE31F3F8E3CF /* guitar */ = {
			isa = PBXNativeTarget;
			buildConfigurationList = 82BC31886E4DEB87251FB183 /* Build configuration list for PBXNativeTarget "guitar" */;
			buildPhases = (
				8E1A7F77654D3903E2F679AF /* Sources */,
				EC2C3CEC630865BB678CA017 /* Resources */,
				0E65F6A77E428A0EBE9BBE7B /* Frameworks */,
			);
			buildRules = (
			);
			dependencies = (
			);
			name = guitar;
			packageProductDependencies = (
				A9F21C8B3AF36183B2760A8F /* DiagnosticsKit */,
				ED1AF43E9A923E60266B0A2C /* ScrollKit */,
				4171D3AB69B417D321ABB195 /* SwCharts */,
				511C66291DA61D1D55D8377E /* MusicTheoryKit */,
				6EA11B9730F379D25E608ECF /* PitchKit */,
			);
			productName = guitar;
			productReference = 3C78BC57BCB8D355F331D2E7 /* guitar.app */;
			productType = "com.apple.product-type.application";
		};
/* End PBXNativeTarget section */

/* Begin PBXProject section */
		BBA8F90BDE9C1DCD0A8C9D01 /* Project object */ = {
			isa = PBXProject;
			attributes = {
				BuildIndependentTargetsInParallel = YES;
				LastUpgradeCheck = 1430;
				TargetAttributes = {
					2BD40DD098347FC915023EE6 = {
						DevelopmentTeam = TPR24Z5M9G;
						ProvisioningStyle = Automatic;
					};
					C681F9FB2DC6AE31F3F8E3CF = {
						DevelopmentTeam = TPR24Z5M9G;
						ProvisioningStyle = Automatic;
					};
				};
			};
			buildConfigurationList = 0BA0C9B754C43188FAB15FD2 /* Build configuration list for PBXProject "guitar" */;
			developmentRegion = en;
			hasScannedForEncodings = 0;
			knownRegions = (
				Base,
				en,
			);
			mainGroup = 1087D3F0AD89470CC99E2465;
			minimizedProjectReferenceProxies = 1;
			packageReferences = (
				EFCBEFDD14D39CFBC2C4155B /* XCRemoteSwiftPackageReference "DiagnosticsKit" */,
				7CDB33745D6097332799A94D /* XCRemoteSwiftPackageReference "MusicTheoryKit" */,
				2A895C3589568411B586C156 /* XCRemoteSwiftPackageReference "PitchKit" */,
				226199F95AE2E30E19E53CC9 /* XCRemoteSwiftPackageReference "ScrollKit" */,
				FA513FC0FBE7F2F8618D0735 /* XCRemoteSwiftPackageReference "SwCharts" */,
			);
			preferredProjectObjectVersion = 77;
			productRefGroup = B08FE6BBBFF40A23C227355C /* Products */;
			projectDirPath = "";
			projectRoot = "";
			targets = (
				C681F9FB2DC6AE31F3F8E3CF /* guitar */,
				2BD40DD098347FC915023EE6 /* guitarTests */,
			);
		};
/* End PBXProject section */

/* Begin PBXResourcesBuildPhase section */
		EC2C3CEC630865BB678CA017 /* Resources */ = {
			isa = PBXResourcesBuildPhase;
			buildActionMask = 2147483647;
			files = (
				55661B818261EBD97B726D9D /* Assets.xcassets in Resources */,
			);
			runOnlyForDeploymentPostprocessing = 0;
		};
/* End PBXResourcesBuildPhase section */

/* Begin PBXSourcesBuildPhase section */
		1048519A46711C4A8245EA2C /* Sources */ = {
			isa = PBXSourcesBuildPhase;
			buildActionMask = 2147483647;
			files = (
				301A7CEA087931D76BA96902 /* AppSectionTests.swift in Sources */,
				8546DB96D44358C5912DEC6B /* FretboardLayoutTests.swift in Sources */,
				B5D37AFC1A1A8F53F212675B /* FretboardTests.swift in Sources */,
				4F42DDB1193AA9B4EC839A64 /* GuitarToneSynth.swift in Sources */,
				FB8D3619CBD480156F5298DD /* PracticeTests.swift in Sources */,
				DE42746683E877068C3C7BD3 /* TunerTests.swift in Sources */,
				3471E7910C0C9CCFF868EAA2 /* TuningTests.swift in Sources */,
			);
			runOnlyForDeploymentPostprocessing = 0;
		};
		8E1A7F77654D3903E2F679AF /* Sources */ = {
			isa = PBXSourcesBuildPhase;
			buildActionMask = 2147483647;
			files = (
				381FF00BEA650122561A8970 /* AppSection.swift in Sources */,
				39BA0E1256B362BF606E3DB5 /* AudioHub.swift in Sources */,
				91690FC270FA0EC84157A26D /* AudioInputSelecting+iOS.swift in Sources */,
				B4E60154E770F4B925377F4D /* AudioInputSelecting+macOS.swift in Sources */,
				14309DE40B4F7139B40161F0 /* AudioInputSelecting.swift in Sources */,
				ABACD34D09B174283F6F9D19 /* AutoGrade.swift in Sources */,
				5ED9CD5EC4E0B616820CC056 /* CardMerge.swift in Sources */,
				AADCBE903641D30D87C30296 /* CardStore.swift in Sources */,
				5E38C1DD951CEEF689F45F7C /* CloudSettings.swift in Sources */,
				EFB40274102A543DEA8AC3A6 /* DrillPanel.swift in Sources */,
				4F99BAC63145F5BC8DFCBBB9 /* FretPosition.swift in Sources */,
				82F890261917C6251E5BF726 /* Fretboard.swift in Sources */,
				0B9732191897CDBACD0F7D82 /* FretboardDrill.swift in Sources */,
				05D46B08F374DB6DC1CADCFD /* FretboardDrillViewModel.swift in Sources */,
				C16DE7CC55B7E5991A5B5199 /* FretboardLayout.swift in Sources */,
				70E99BFB404732F98639053A /* FretboardView.swift in Sources */,
				6D681A50DE8FB3108D82220C /* GuitarApp.swift in Sources */,
				9D4DEB9BAF4E09F2D4E0DB8E /* InputProfile.swift in Sources */,
				5F5A4DACBE9512A7A8FC76FA /* MasteryMap.swift in Sources */,
				3A3C9DFC6E634A40B1132178 /* NoteNameGrid.swift in Sources */,
				F68BE6EEF99D92C1F27A3E65 /* PitchNeedle.swift in Sources */,
				0EFB8344EF620DA0F6A04B8C /* PlaceholderScreen.swift in Sources */,
				3CCBF81AC82BCA9935485EC0 /* PracticeView.swift in Sources */,
				22C5E09227EC9959F9B1721C /* PracticeView.swift in Sources */,
				BB300A39A1DF22B8FBF43FD0 /* RootView.swift in Sources */,
				38789E44E0A389C5636C7AF0 /* RootView.swift in Sources */,
				FB1F1A2166D95E3BEB793985 /* SettingsKey.swift in Sources */,
				D69E259049131FF1A2237E81 /* SkillCard.swift in Sources */,
				624414D73EE91F5C24396508 /* ToolsView.swift in Sources */,
				189243017F04B3F99C75B59D /* ToolsView.swift in Sources */,
				6E9E9270E3B7A003FB4AF901 /* TrainerHomePanel.swift in Sources */,
				DD695E16CC79BEFAACCA55F2 /* TunerModel.swift in Sources */,
				26D8D8C210AD857F90A3F5DE /* TunerPanel.swift in Sources */,
				C3EE0C934C7E12B1CB3FCD6A /* TunerScene.swift in Sources */,
				E7AF147FAC37F30BE5DAEEDD /* TunerScene.swift in Sources */,
				90F7BB0474084E3DEED3CAD5 /* TunerView.swift in Sources */,
				E67F36116E6C8692CC40D015 /* TunerView.swift in Sources */,
				9AB393A8E5F4C2D1BD54F38E /* TunerViewModel.swift in Sources */,
				80CBAC2345071DEF4D021DF3 /* Tuning.swift in Sources */,
			);
			runOnlyForDeploymentPostprocessing = 0;
		};
/* End PBXSourcesBuildPhase section */

/* Begin PBXTargetDependency section */
		BF1125893D98D860DEB4AC9D /* PBXTargetDependency */ = {
			isa = PBXTargetDependency;
			target = C681F9FB2DC6AE31F3F8E3CF /* guitar */;
			targetProxy = BC31B1A6F23FEB764B8CD1D4 /* PBXContainerItemProxy */;
		};
/* End PBXTargetDependency section */

/* Begin XCBuildConfiguration section */
		028A757B34408808898F37AC /* Release */ = {
			isa = XCBuildConfiguration;
			buildSettings = {
				ALWAYS_SEARCH_USER_PATHS = NO;
				CLANG_ANALYZER_NONNULL = YES;
				CLANG_ANALYZER_NUMBER_OBJECT_CONVERSION = YES_AGGRESSIVE;
				CLANG_CXX_LANGUAGE_STANDARD = "gnu++14";
				CLANG_CXX_LIBRARY = "libc++";
				CLANG_ENABLE_MODULES = YES;
				CLANG_ENABLE_OBJC_ARC = YES;
				CLANG_ENABLE_OBJC_WEAK = YES;
				CLANG_WARN_BLOCK_CAPTURE_AUTORELEASING = YES;
				CLANG_WARN_BOOL_CONVERSION = YES;
				CLANG_WARN_COMMA = YES;
				CLANG_WARN_CONSTANT_CONVERSION = YES;
				CLANG_WARN_DEPRECATED_OBJC_IMPLEMENTATIONS = YES;
				CLANG_WARN_DIRECT_OBJC_ISA_USAGE = YES_ERROR;
				CLANG_WARN_DOCUMENTATION_COMMENTS = YES;
				CLANG_WARN_EMPTY_BODY = YES;
				CLANG_WARN_ENUM_CONVERSION = YES;
				CLANG_WARN_INFINITE_RECURSION = YES;
				CLANG_WARN_INT_CONVERSION = YES;
				CLANG_WARN_NON_LITERAL_NULL_CONVERSION = YES;
				CLANG_WARN_OBJC_IMPLICIT_RETAIN_SELF = YES;
				CLANG_WARN_OBJC_LITERAL_CONVERSION = YES;
				CLANG_WARN_OBJC_ROOT_CLASS = YES_ERROR;
				CLANG_WARN_QUOTED_INCLUDE_IN_FRAMEWORK_HEADER = YES;
				CLANG_WARN_RANGE_LOOP_ANALYSIS = YES;
				CLANG_WARN_STRICT_PROTOTYPES = YES;
				CLANG_WARN_SUSPICIOUS_MOVE = YES;
				CLANG_WARN_UNGUARDED_AVAILABILITY = YES_AGGRESSIVE;
				CLANG_WARN_UNREACHABLE_CODE = YES;
				CLANG_WARN__DUPLICATE_METHOD_MATCH = YES;
				CODE_SIGN_STYLE = Automatic;
				COPY_PHASE_STRIP = NO;
				CURRENT_PROJECT_VERSION = 1;
				DEBUG_INFORMATION_FORMAT = "dwarf-with-dsym";
				DEVELOPMENT_TEAM = TPR24Z5M9G;
				ENABLE_NS_ASSERTIONS = NO;
				ENABLE_STRICT_OBJC_MSGSEND = YES;
				GCC_C_LANGUAGE_STANDARD = gnu11;
				GCC_NO_COMMON_BLOCKS = YES;
				GCC_WARN_64_TO_32_BIT_CONVERSION = YES;
				GCC_WARN_ABOUT_RETURN_TYPE = YES_ERROR;
				GCC_WARN_UNDECLARED_SELECTOR = YES;
				GCC_WARN_UNINITIALIZED_AUTOS = YES_AGGRESSIVE;
				GCC_WARN_UNUSED_FUNCTION = YES;
				GCC_WARN_UNUSED_VARIABLE = YES;
				GENERATE_INFOPLIST_FILE = NO;
				IPHONEOS_DEPLOYMENT_TARGET = 26.0;
				MACOSX_DEPLOYMENT_TARGET = 26.0;
				MARKETING_VERSION = 0.1;
				MTL_ENABLE_DEBUG_INFO = NO;
				MTL_FAST_MATH = YES;
				PRODUCT_NAME = "$(TARGET_NAME)";
				SDKROOT = auto;
				SWIFT_APPROACHABLE_CONCURRENCY = YES;
				SWIFT_COMPILATION_MODE = wholemodule;
				SWIFT_DEFAULT_ACTOR_ISOLATION = MainActor;
				SWIFT_OPTIMIZATION_LEVEL = "-O";
				SWIFT_VERSION = 6.0;
			};
			name = Release;
		};
		06939A858B680A368138FFAD /* Debug */ = {
			isa = XCBuildConfiguration;
			buildSettings = {
				ASSETCATALOG_COMPILER_APPICON_NAME = AppIcon;
				ASSETCATALOG_COMPILER_GLOBAL_ACCENT_COLOR_NAME = AccentColor;
				CODE_SIGN_ENTITLEMENTS = guitar/guitar.entitlements;
				"CODE_SIGN_ENTITLEMENTS[sdk=macosx*]" = "guitar/guitar-macOS.entitlements";
				CODE_SIGN_IDENTITY = "iPhone Developer";
				ENABLE_PREVIEWS = YES;
				INFOPLIST_FILE = guitar/Info.plist;
				LD_RUNPATH_SEARCH_PATHS = (
					"$(inherited)",
					"@executable_path/Frameworks",
				);
				PRODUCT_BUNDLE_IDENTIFIER = com.sphericalwave.music.guitar;
				SDKROOT = auto;
				SUPPORTED_PLATFORMS = "iphoneos iphonesimulator macosx";
				SUPPORTS_MACCATALYST = NO;
				SUPPORTS_MAC_DESIGNED_FOR_IPHONE_IPAD = NO;
				SUPPORTS_XR_DESIGNED_FOR_IPHONE_IPAD = YES;
				TARGETED_DEVICE_FAMILY = "1,2";
			};
			name = Debug;
		};
		509E91596B05CEF4C19DA1DA /* Release */ = {
			isa = XCBuildConfiguration;
			buildSettings = {
				ASSETCATALOG_COMPILER_APPICON_NAME = AppIcon;
				ASSETCATALOG_COMPILER_GLOBAL_ACCENT_COLOR_NAME = AccentColor;
				CODE_SIGN_ENTITLEMENTS = guitar/guitar.entitlements;
				"CODE_SIGN_ENTITLEMENTS[sdk=macosx*]" = "guitar/guitar-macOS.entitlements";
				CODE_SIGN_IDENTITY = "iPhone Developer";
				ENABLE_PREVIEWS = YES;
				INFOPLIST_FILE = guitar/Info.plist;
				LD_RUNPATH_SEARCH_PATHS = (
					"$(inherited)",
					"@executable_path/Frameworks",
				);
				PRODUCT_BUNDLE_IDENTIFIER = com.sphericalwave.music.guitar;
				SDKROOT = auto;
				SUPPORTED_PLATFORMS = "iphoneos iphonesimulator macosx";
				SUPPORTS_MACCATALYST = NO;
				SUPPORTS_MAC_DESIGNED_FOR_IPHONE_IPAD = NO;
				SUPPORTS_XR_DESIGNED_FOR_IPHONE_IPAD = YES;
				TARGETED_DEVICE_FAMILY = "1,2";
			};
			name = Release;
		};
		50EF7DA7DD2BBB9193E30097 /* Debug */ = {
			isa = XCBuildConfiguration;
			buildSettings = {
				BUNDLE_LOADER = "$(TEST_HOST)";
				GENERATE_INFOPLIST_FILE = YES;
				LD_RUNPATH_SEARCH_PATHS = (
					"$(inherited)",
					"@executable_path/Frameworks",
					"@loader_path/Frameworks",
				);
				PRODUCT_BUNDLE_IDENTIFIER = com.sphericalwave.music.guitarTests;
				SDKROOT = auto;
				SUPPORTED_PLATFORMS = "iphoneos iphonesimulator macosx";
				SUPPORTS_MACCATALYST = NO;
				SUPPORTS_MAC_DESIGNED_FOR_IPHONE_IPAD = NO;
				SUPPORTS_XR_DESIGNED_FOR_IPHONE_IPAD = YES;
				TARGETED_DEVICE_FAMILY = "1,2";
				TEST_HOST = "$(BUILT_PRODUCTS_DIR)/guitar.app/guitar";
				"TEST_HOST[sdk=macosx*]" = "$(BUILT_PRODUCTS_DIR)/guitar.app/Contents/MacOS/guitar";
			};
			name = Debug;
		};
		9F65743F4FDD21FAF1ADBE0D /* Release */ = {
			isa = XCBuildConfiguration;
			buildSettings = {
				BUNDLE_LOADER = "$(TEST_HOST)";
				GENERATE_INFOPLIST_FILE = YES;
				LD_RUNPATH_SEARCH_PATHS = (
					"$(inherited)",
					"@executable_path/Frameworks",
					"@loader_path/Frameworks",
				);
				PRODUCT_BUNDLE_IDENTIFIER = com.sphericalwave.music.guitarTests;
				SDKROOT = auto;
				SUPPORTED_PLATFORMS = "iphoneos iphonesimulator macosx";
				SUPPORTS_MACCATALYST = NO;
				SUPPORTS_MAC_DESIGNED_FOR_IPHONE_IPAD = NO;
				SUPPORTS_XR_DESIGNED_FOR_IPHONE_IPAD = YES;
				TARGETED_DEVICE_FAMILY = "1,2";
				TEST_HOST = "$(BUILT_PRODUCTS_DIR)/guitar.app/guitar";
				"TEST_HOST[sdk=macosx*]" = "$(BUILT_PRODUCTS_DIR)/guitar.app/Contents/MacOS/guitar";
			};
			name = Release;
		};
		F47E32F22AAA474C1C7F64EA /* Debug */ = {
			isa = XCBuildConfiguration;
			buildSettings = {
				ALWAYS_SEARCH_USER_PATHS = NO;
				CLANG_ANALYZER_NONNULL = YES;
				CLANG_ANALYZER_NUMBER_OBJECT_CONVERSION = YES_AGGRESSIVE;
				CLANG_CXX_LANGUAGE_STANDARD = "gnu++14";
				CLANG_CXX_LIBRARY = "libc++";
				CLANG_ENABLE_MODULES = YES;
				CLANG_ENABLE_OBJC_ARC = YES;
				CLANG_ENABLE_OBJC_WEAK = YES;
				CLANG_WARN_BLOCK_CAPTURE_AUTORELEASING = YES;
				CLANG_WARN_BOOL_CONVERSION = YES;
				CLANG_WARN_COMMA = YES;
				CLANG_WARN_CONSTANT_CONVERSION = YES;
				CLANG_WARN_DEPRECATED_OBJC_IMPLEMENTATIONS = YES;
				CLANG_WARN_DIRECT_OBJC_ISA_USAGE = YES_ERROR;
				CLANG_WARN_DOCUMENTATION_COMMENTS = YES;
				CLANG_WARN_EMPTY_BODY = YES;
				CLANG_WARN_ENUM_CONVERSION = YES;
				CLANG_WARN_INFINITE_RECURSION = YES;
				CLANG_WARN_INT_CONVERSION = YES;
				CLANG_WARN_NON_LITERAL_NULL_CONVERSION = YES;
				CLANG_WARN_OBJC_IMPLICIT_RETAIN_SELF = YES;
				CLANG_WARN_OBJC_LITERAL_CONVERSION = YES;
				CLANG_WARN_OBJC_ROOT_CLASS = YES_ERROR;
				CLANG_WARN_QUOTED_INCLUDE_IN_FRAMEWORK_HEADER = YES;
				CLANG_WARN_RANGE_LOOP_ANALYSIS = YES;
				CLANG_WARN_STRICT_PROTOTYPES = YES;
				CLANG_WARN_SUSPICIOUS_MOVE = YES;
				CLANG_WARN_UNGUARDED_AVAILABILITY = YES_AGGRESSIVE;
				CLANG_WARN_UNREACHABLE_CODE = YES;
				CLANG_WARN__DUPLICATE_METHOD_MATCH = YES;
				CODE_SIGN_STYLE = Automatic;
				COPY_PHASE_STRIP = NO;
				CURRENT_PROJECT_VERSION = 1;
				DEBUG_INFORMATION_FORMAT = dwarf;
				DEVELOPMENT_TEAM = TPR24Z5M9G;
				ENABLE_STRICT_OBJC_MSGSEND = YES;
				ENABLE_TESTABILITY = YES;
				GCC_C_LANGUAGE_STANDARD = gnu11;
				GCC_DYNAMIC_NO_PIC = NO;
				GCC_NO_COMMON_BLOCKS = YES;
				GCC_OPTIMIZATION_LEVEL = 0;
				GCC_PREPROCESSOR_DEFINITIONS = (
					"$(inherited)",
					"DEBUG=1",
				);
				GCC_WARN_64_TO_32_BIT_CONVERSION = YES;
				GCC_WARN_ABOUT_RETURN_TYPE = YES_ERROR;
				GCC_WARN_UNDECLARED_SELECTOR = YES;
				GCC_WARN_UNINITIALIZED_AUTOS = YES_AGGRESSIVE;
				GCC_WARN_UNUSED_FUNCTION = YES;
				GCC_WARN_UNUSED_VARIABLE = YES;
				GENERATE_INFOPLIST_FILE = NO;
				IPHONEOS_DEPLOYMENT_TARGET = 26.0;
				MACOSX_DEPLOYMENT_TARGET = 26.0;
				MARKETING_VERSION = 0.1;
				MTL_ENABLE_DEBUG_INFO = INCLUDE_SOURCE;
				MTL_FAST_MATH = YES;
				ONLY_ACTIVE_ARCH = YES;
				PRODUCT_NAME = "$(TARGET_NAME)";
				SDKROOT = auto;
				SWIFT_ACTIVE_COMPILATION_CONDITIONS = DEBUG;
				SWIFT_APPROACHABLE_CONCURRENCY = YES;
				SWIFT_DEFAULT_ACTOR_ISOLATION = MainActor;
				SWIFT_OPTIMIZATION_LEVEL = "-Onone";
				SWIFT_VERSION = 6.0;
			};
			name = Debug;
		};
/* End XCBuildConfiguration section */

/* Begin XCConfigurationList section */
		0BA0C9B754C43188FAB15FD2 /* Build configuration list for PBXProject "guitar" */ = {
			isa = XCConfigurationList;
			buildConfigurations = (
				F47E32F22AAA474C1C7F64EA /* Debug */,
				028A757B34408808898F37AC /* Release */,
			);
			defaultConfigurationIsVisible = 0;
			defaultConfigurationName = Debug;
		};
		82BC31886E4DEB87251FB183 /* Build configuration list for PBXNativeTarget "guitar" */ = {
			isa = XCConfigurationList;
			buildConfigurations = (
				06939A858B680A368138FFAD /* Debug */,
				509E91596B05CEF4C19DA1DA /* Release */,
			);
			defaultConfigurationIsVisible = 0;
			defaultConfigurationName = Debug;
		};
		BB0EBE99015C8D245450171A /* Build configuration list for PBXNativeTarget "guitarTests" */ = {
			isa = XCConfigurationList;
			buildConfigurations = (
				50EF7DA7DD2BBB9193E30097 /* Debug */,
				9F65743F4FDD21FAF1ADBE0D /* Release */,
			);
			defaultConfigurationIsVisible = 0;
			defaultConfigurationName = Debug;
		};
/* End XCConfigurationList section */

/* Begin XCRemoteSwiftPackageReference section */
		226199F95AE2E30E19E53CC9 /* XCRemoteSwiftPackageReference "ScrollKit" */ = {
			isa = XCRemoteSwiftPackageReference;
			repositoryURL = "https://github.com/sphericalwave/ScrollKit.git";
			requirement = {
				branch = main;
				kind = branch;
			};
		};
		2A895C3589568411B586C156 /* XCRemoteSwiftPackageReference "PitchKit" */ = {
			isa = XCRemoteSwiftPackageReference;
			repositoryURL = "https://github.com/sphericalwave/PitchKit.git";
			requirement = {
				branch = main;
				kind = branch;
			};
		};
		7CDB33745D6097332799A94D /* XCRemoteSwiftPackageReference "MusicTheoryKit" */ = {
			isa = XCRemoteSwiftPackageReference;
			repositoryURL = "https://github.com/sphericalwave/MusicTheoryKit.git";
			requirement = {
				branch = main;
				kind = branch;
			};
		};
		EFCBEFDD14D39CFBC2C4155B /* XCRemoteSwiftPackageReference "DiagnosticsKit" */ = {
			isa = XCRemoteSwiftPackageReference;
			repositoryURL = "https://github.com/sphericalwave/DiagnosticsKit.git";
			requirement = {
				branch = main;
				kind = branch;
			};
		};
		FA513FC0FBE7F2F8618D0735 /* XCRemoteSwiftPackageReference "SwCharts" */ = {
			isa = XCRemoteSwiftPackageReference;
			repositoryURL = "https://github.com/sphericalwave/SwCharts.git";
			requirement = {
				branch = main;
				kind = branch;
			};
		};
/* End XCRemoteSwiftPackageReference section */

/* Begin XCSwiftPackageProductDependency section */
		4171D3AB69B417D321ABB195 /* SwCharts */ = {
			isa = XCSwiftPackageProductDependency;
			package = FA513FC0FBE7F2F8618D0735 /* XCRemoteSwiftPackageReference "SwCharts" */;
			productName = SwCharts;
		};
		511C66291DA61D1D55D8377E /* MusicTheoryKit */ = {
			isa = XCSwiftPackageProductDependency;
			package = 7CDB33745D6097332799A94D /* XCRemoteSwiftPackageReference "MusicTheoryKit" */;
			productName = MusicTheoryKit;
		};
		6EA11B9730F379D25E608ECF /* PitchKit */ = {
			isa = XCSwiftPackageProductDependency;
			package = 2A895C3589568411B586C156 /* XCRemoteSwiftPackageReference "PitchKit" */;
			productName = PitchKit;
		};
		A9F21C8B3AF36183B2760A8F /* DiagnosticsKit */ = {
			isa = XCSwiftPackageProductDependency;
			package = EFCBEFDD14D39CFBC2C4155B /* XCRemoteSwiftPackageReference "DiagnosticsKit" */;
			productName = DiagnosticsKit;
		};
		ED1AF43E9A923E60266B0A2C /* ScrollKit */ = {
			isa = XCSwiftPackageProductDependency;
			package = 226199F95AE2E30E19E53CC9 /* XCRemoteSwiftPackageReference "ScrollKit" */;
			productName = ScrollKit;
		};
/* End XCSwiftPackageProductDependency section */
	};
	rootObject = BBA8F90BDE9C1DCD0A8C9D01 /* Project object */;
}
